// !$*UTF8*$!
{
	archiveVersion = 1;
	classes = {
	};
	objectVersion = 56;
	objects = {

/* Begin PBXBuildFile section */
		B306628929F594A4000B3AC9 /* FeedViewController.swift in Sources */ = {isa = PBXBuildFile; fileRef = B306628829F594A4000B3AC9 /* FeedViewController.swift */; };
		B3199DAE29E2B5BC005EEAC2 /* ValidatorService.swift in Sources */ = {isa = PBXBuildFile; fileRef = B3199DAD29E2B5BC005EEAC2 /* ValidatorService.swift */; };
		B3199DB029E2C0FF005EEAC2 /* LoginViewControllerMvp.swift in Sources */ = {isa = PBXBuildFile; fileRef = B3199DAF29E2C0FF005EEAC2 /* LoginViewControllerMvp.swift */; };
		B3199DB329E2C190005EEAC2 /* LoginPresenterMvp.swift in Sources */ = {isa = PBXBuildFile; fileRef = B3199DB229E2C190005EEAC2 /* LoginPresenterMvp.swift */; };
		B3199DB529E2C409005EEAC2 /* LoginViewInputMvp.swift in Sources */ = {isa = PBXBuildFile; fileRef = B3199DB429E2C409005EEAC2 /* LoginViewInputMvp.swift */; };
		B3199DB729E2C41A005EEAC2 /* LoginViewOutputMvp.swift in Sources */ = {isa = PBXBuildFile; fileRef = B3199DB629E2C41A005EEAC2 /* LoginViewOutputMvp.swift */; };
		B3199DBB29E2D2D1005EEAC2 /* LoginViewControllerMVVM.swift in Sources */ = {isa = PBXBuildFile; fileRef = B3199DBA29E2D2D1005EEAC2 /* LoginViewControllerMVVM.swift */; };
		B3199DBE29E2D435005EEAC2 /* Login View Model.swift in Sources */ = {isa = PBXBuildFile; fileRef = B3199DBD29E2D435005EEAC2 /* Login View Model.swift */; };
		B3347E7F29ED151D00610A9E /* TODO.swift in Sources */ = {isa = PBXBuildFile; fileRef = B3347E7E29ED151D00610A9E /* TODO.swift */; };
		B34E848829E906B900815AB7 /* LoginViewControllerViperInput.swift in Sources */ = {isa = PBXBuildFile; fileRef = B34E848729E906B900815AB7 /* LoginViewControllerViperInput.swift */; };
		B34E848A29E906C300815AB7 /* LoginViewControllerViperOutput.swift in Sources */ = {isa = PBXBuildFile; fileRef = B34E848929E906C300815AB7 /* LoginViewControllerViperOutput.swift */; };
		B34E849029E906F100815AB7 /* LoginPresneterViperInput.swift in Sources */ = {isa = PBXBuildFile; fileRef = B34E848F29E906F100815AB7 /* LoginPresneterViperInput.swift */; };
		B34E849229E906FE00815AB7 /* LoginPresenterViperOutput.swift in Sources */ = {isa = PBXBuildFile; fileRef = B34E849129E906FE00815AB7 /* LoginPresenterViperOutput.swift */; };
		B34E849429E9186800815AB7 /* LoginRouterViperInput.swift in Sources */ = {isa = PBXBuildFile; fileRef = B34E849329E9186800815AB7 /* LoginRouterViperInput.swift */; };
		B3589DD129D9502D00A6B5FA /* AppDelegate.swift in Sources */ = {isa = PBXBuildFile; fileRef = B3589DD029D9502D00A6B5FA /* AppDelegate.swift */; };
		B3589DD329D9502D00A6B5FA /* SceneDelegate.swift in Sources */ = {isa = PBXBuildFile; fileRef = B3589DD229D9502D00A6B5FA /* SceneDelegate.swift */; };
		B3589DD529D9502D00A6B5FA /* LoginViewControllerMvc.swift in Sources */ = {isa = PBXBuildFile; fileRef = B3589DD429D9502D00A6B5FA /* LoginViewControllerMvc.swift */; };
		B3589DDA29D9502E00A6B5FA /* Assets.xcassets in Resources */ = {isa = PBXBuildFile; fileRef = B3589DD929D9502E00A6B5FA /* Assets.xcassets */; };
		B3589DDD29D9502E00A6B5FA /* LaunchScreen.storyboard in Resources */ = {isa = PBXBuildFile; fileRef = B3589DDB29D9502E00A6B5FA /* LaunchScreen.storyboard */; };
		B3B1B5F629E71AFA00F1DE32 /* LoginViewControllerVIPER.swift in Sources */ = {isa = PBXBuildFile; fileRef = B3B1B5F529E71AFA00F1DE32 /* LoginViewControllerVIPER.swift */; };
		B3B1B5FD29E71CCB00F1DE32 /* LoginInteractorVIPER.swift in Sources */ = {isa = PBXBuildFile; fileRef = B3B1B5FC29E71CCB00F1DE32 /* LoginInteractorVIPER.swift */; };
		B3B1B5FF29E71CD500F1DE32 /* LoginPresenterVIPER.swift in Sources */ = {isa = PBXBuildFile; fileRef = B3B1B5FE29E71CD500F1DE32 /* LoginPresenterVIPER.swift */; };
		B3B1B60129E71CE300F1DE32 /* LoginEntityViper.swift in Sources */ = {isa = PBXBuildFile; fileRef = B3B1B60029E71CE300F1DE32 /* LoginEntityViper.swift */; };
		B3B1B60329E71CEC00F1DE32 /* LoginRouterViper.swift in Sources */ = {isa = PBXBuildFile; fileRef = B3B1B60229E71CEC00F1DE32 /* LoginRouterViper.swift */; };
/* End PBXBuildFile section */

/* Begin PBXFileReference section */
		B306628829F594A4000B3AC9 /* FeedViewController.swift */ = {isa = PBXFileReference; lastKnownFileType = sourcecode.swift; path = FeedViewController.swift; sourceTree = "<group>"; };
		B3199DAD29E2B5BC005EEAC2 /* ValidatorService.swift */ = {isa = PBXFileReference; lastKnownFileType = sourcecode.swift; path = ValidatorService.swift; sourceTree = "<group>"; };
		B3199DAF29E2C0FF005EEAC2 /* LoginViewControllerMvp.swift */ = {isa = PBXFileReference; lastKnownFileType = sourcecode.swift; path = LoginViewControllerMvp.swift; sourceTree = "<group>"; };
		B3199DB229E2C190005EEAC2 /* LoginPresenterMvp.swift */ = {isa = PBXFileReference; lastKnownFileType = sourcecode.swift; path = LoginPresenterMvp.swift; sourceTree = "<group>"; };
		B3199DB429E2C409005EEAC2 /* LoginViewInputMvp.swift */ = {isa = PBXFileReference; lastKnownFileType = sourcecode.swift; path = LoginViewInputMvp.swift; sourceTree = "<group>"; };
		B3199DB629E2C41A005EEAC2 /* LoginViewOutputMvp.swift */ = {isa = PBXFileReference; lastKnownFileType = sourcecode.swift; path = LoginViewOutputMvp.swift; sourceTree = "<group>"; };
		B3199DBA29E2D2D1005EEAC2 /* LoginViewControllerMVVM.swift */ = {isa = PBXFileReference; lastKnownFileType = sourcecode.swift; path = LoginViewControllerMVVM.swift; sourceTree = "<group>"; };
		B3199DBD29E2D435005EEAC2 /* Login View Model.swift */ = {isa = PBXFileReference; lastKnownFileType = sourcecode.swift; path = "Login View Model.swift"; sourceTree = "<group>"; };
		B3347E7E29ED151D00610A9E /* TODO.swift */ = {isa = PBXFileReference; lastKnownFileType = sourcecode.swift; path = TODO.swift; sourceTree = "<group>"; };
		B34E848729E906B900815AB7 /* LoginViewControllerViperInput.swift */ = {isa = PBXFileReference; lastKnownFileType = sourcecode.swift; path = LoginViewControllerViperInput.swift; sourceTree = "<group>"; };
		B34E848929E906C300815AB7 /* LoginViewControllerViperOutput.swift */ = {isa = PBXFileReference; lastKnownFileType = sourcecode.swift; path = LoginViewControllerViperOutput.swift; sourceTree = "<group>"; };
		B34E848F29E906F100815AB7 /* LoginPresneterViperInput.swift */ = {isa = PBXFileReference; lastKnownFileType = sourcecode.swift; path = LoginPresneterViperInput.swift; sourceTree = "<group>"; };
		B34E849129E906FE00815AB7 /* LoginPresenterViperOutput.swift */ = {isa = PBXFileReference; lastKnownFileType = sourcecode.swift; path = LoginPresenterViperOutput.swift; sourceTree = "<group>"; };
		B34E849329E9186800815AB7 /* LoginRouterViperInput.swift */ = {isa = PBXFileReference; lastKnownFileType = sourcecode.swift; path = LoginRouterViperInput.swift; sourceTree = "<group>"; };
		B3589DCD29D9502D00A6B5FA /* LoginTest.app */ = {isa = PBXFileReference; explicitFileType = wrapper.application; includeInIndex = 0; path = LoginTest.app; sourceTree = BUILT_PRODUCTS_DIR; };
		B3589DD029D9502D00A6B5FA /* AppDelegate.swift */ = {isa = PBXFileReference; lastKnownFileType = sourcecode.swift; path = AppDelegate.swift; sourceTree = "<group>"; };
		B3589DD229D9502D00A6B5FA /* SceneDelegate.swift */ = {isa = PBXFileReference; lastKnownFileType = sourcecode.swift; path = SceneDelegate.swift; sourceTree = "<group>"; };
		B3589DD429D9502D00A6B5FA /* LoginViewControllerMvc.swift */ = {isa = PBXFileReference; lastKnownFileType = sourcecode.swift; path = LoginViewControllerMvc.swift; sourceTree = "<group>"; };
		B3589DD929D9502E00A6B5FA /* Assets.xcassets */ = {isa = PBXFileReference; lastKnownFileType = folder.assetcatalog; path = Assets.xcassets; sourceTree = "<group>"; };
		B3589DDC29D9502E00A6B5FA /* Base */ = {isa = PBXFileReference; lastKnownFileType = file.storyboard; name = Base; path = Base.lproj/LaunchScreen.storyboard; sourceTree = "<group>"; };
		B3589DDE29D9502E00A6B5FA /* Info.plist */ = {isa = PBXFileReference; lastKnownFileType = text.plist.xml; path = Info.plist; sourceTree = "<group>"; };
		B3B1B5F529E71AFA00F1DE32 /* LoginViewControllerVIPER.swift */ = {isa = PBXFileReference; lastKnownFileType = sourcecode.swift; path = LoginViewControllerVIPER.swift; sourceTree = "<group>"; };
		B3B1B5FC29E71CCB00F1DE32 /* LoginInteractorVIPER.swift */ = {isa = PBXFileReference; lastKnownFileType = sourcecode.swift; path = LoginInteractorVIPER.swift; sourceTree = "<group>"; };
		B3B1B5FE29E71CD500F1DE32 /* LoginPresenterVIPER.swift */ = {isa = PBXFileReference; lastKnownFileType = sourcecode.swift; path = LoginPresenterVIPER.swift; sourceTree = "<group>"; };
		B3B1B60029E71CE300F1DE32 /* LoginEntityViper.swift */ = {isa = PBXFileReference; lastKnownFileType = sourcecode.swift; path = LoginEntityViper.swift; sourceTree = "<group>"; };
		B3B1B60229E71CEC00F1DE32 /* LoginRouterViper.swift */ = {isa = PBXFileReference; lastKnownFileType = sourcecode.swift; path = LoginRouterViper.swift; sourceTree = "<group>"; };
/* End PBXFileReference section */

/* Begin PBXFrameworksBuildPhase section */
		B3589DCA29D9502D00A6B5FA /* Frameworks */ = {
			isa = PBXFrameworksBuildPhase;
			buildActionMask = 2147483647;
			files = (
			);
			runOnlyForDeploymentPostprocessing = 0;
		};
/* End PBXFrameworksBuildPhase section */

/* Begin PBXGroup section */
		B3199DB129E2C107005EEAC2 /* Login MVP */ = {
			isa = PBXGroup;
			children = (
				B3199DB929E2C53B005EEAC2 /* View */,
				B3199DB829E2C41E005EEAC2 /* Presenter */,
			);
			path = "Login MVP";
			sourceTree = "<group>";
		};
		B3199DB829E2C41E005EEAC2 /* Presenter */ = {
			isa = PBXGroup;
			children = (
				B3199DB229E2C190005EEAC2 /* LoginPresenterMvp.swift */,
			);
			path = Presenter;
			sourceTree = "<group>";
		};
		B3199DB929E2C53B005EEAC2 /* View */ = {
			isa = PBXGroup;
			children = (
				B3199DAF29E2C0FF005EEAC2 /* LoginViewControllerMvp.swift */,
				B3199DB629E2C41A005EEAC2 /* LoginViewOutputMvp.swift */,
				B3199DB429E2C409005EEAC2 /* LoginViewInputMvp.swift */,
			);
			path = View;
			sourceTree = "<group>";
		};
		B3199DBC29E2D2D9005EEAC2 /* Login MVVM */ = {
			isa = PBXGroup;
			children = (
				B3199DBA29E2D2D1005EEAC2 /* LoginViewControllerMVVM.swift */,
				B3199DBD29E2D435005EEAC2 /* Login View Model.swift */,
			);
			path = "Login MVVM";
			sourceTree = "<group>";
		};
		B3589DC429D9502D00A6B5FA = {
			isa = PBXGroup;
			children = (
				B3589DCF29D9502D00A6B5FA /* LoginTest */,
				B3589DCE29D9502D00A6B5FA /* Products */,
			);
			sourceTree = "<group>";
		};
		B3589DCE29D9502D00A6B5FA /* Products */ = {
			isa = PBXGroup;
			children = (
				B3589DCD29D9502D00A6B5FA /* LoginTest.app */,
			);
			name = Products;
			sourceTree = "<group>";
		};
		B3589DCF29D9502D00A6B5FA /* LoginTest */ = {
			isa = PBXGroup;
			children = (
				B3589DE429D96C0300A6B5FA /* appLaunch */,
				B3589DE529D96C2A00A6B5FA /* Login MVC */,
				B3199DB129E2C107005EEAC2 /* Login MVP */,
				B3199DBC29E2D2D9005EEAC2 /* Login MVVM */,
				B3B1B5F429E71ACE00F1DE32 /* LOGIN VIPER */,
				B3589DD929D9502E00A6B5FA /* Assets.xcassets */,
				B3589DDB29D9502E00A6B5FA /* LaunchScreen.storyboard */,
				B3589DDE29D9502E00A6B5FA /* Info.plist */,
			);
			path = LoginTest;
			sourceTree = "<group>";
		};
		B3589DE429D96C0300A6B5FA /* appLaunch */ = {
			isa = PBXGroup;
			children = (
				B3589DD029D9502D00A6B5FA /* AppDelegate.swift */,
				B3589DD229D9502D00A6B5FA /* SceneDelegate.swift */,
			);
			path = appLaunch;
			sourceTree = "<group>";
		};
		B3589DE529D96C2A00A6B5FA /* Login MVC */ = {
			isa = PBXGroup;
			children = (
				B3589DD429D9502D00A6B5FA /* LoginViewControllerMvc.swift */,
				B3199DAD29E2B5BC005EEAC2 /* ValidatorService.swift */,
				B3347E7E29ED151D00610A9E /* TODO.swift */,
				B306628829F594A4000B3AC9 /* FeedViewController.swift */,
			);
			path = "Login MVC";
			sourceTree = "<group>";
		};
		B3B1B5F429E71ACE00F1DE32 /* LOGIN VIPER */ = {
			isa = PBXGroup;
			children = (
				B3B1B5F729E71B9B00F1DE32 /* View */,
				B3B1B5F829E71BAA00F1DE32 /* Interactor */,
				B3B1B5F929E71BB100F1DE32 /* Presenter */,
				B3B1B5FB29E71BC200F1DE32 /* Entity */,
				B3B1B5FA29E71BBE00F1DE32 /* Router */,
			);
			path = "LOGIN VIPER";
			sourceTree = "<group>";
		};
		B3B1B5F729E71B9B00F1DE32 /* View */ = {
			isa = PBXGroup;
			children = (
				B3B1B5F529E71AFA00F1DE32 /* LoginViewControllerVIPER.swift */,
				B34E848729E906B900815AB7 /* LoginViewControllerViperInput.swift */,
				B34E848929E906C300815AB7 /* LoginViewControllerViperOutput.swift */,
			);
			path = View;
			sourceTree = "<group>";
		};
		B3B1B5F829E71BAA00F1DE32 /* Interactor */ = {
			isa = PBXGroup;
			children = (
				B3B1B5FC29E71CCB00F1DE32 /* LoginInteractorVIPER.swift */,
			);
			path = Interactor;
			sourceTree = "<group>";
		};
		B3B1B5F929E71BB100F1DE32 /* Presenter */ = {
			isa = PBXGroup;
			children = (
				B3B1B5FE29E71CD500F1DE32 /* LoginPresenterVIPER.swift */,
				B34E848F29E906F100815AB7 /* LoginPresneterViperInput.swift */,
				B34E849129E906FE00815AB7 /* LoginPresenterViperOutput.swift */,
			);
			path = Presenter;
			sourceTree = "<group>";
		};
		B3B1B5FA29E71BBE00F1DE32 /* Router */ = {
			isa = PBXGroup;
			children = (
				B3B1B60229E71CEC00F1DE32 /* LoginRouterViper.swift */,
				B34E849329E9186800815AB7 /* LoginRouterViperInput.swift */,
			);
			path = Router;
			sourceTree = "<group>";
		};
		B3B1B5FB29E71BC200F1DE32 /* Entity */ = {
			isa = PBXGroup;
			children = (
				B3B1B60029E71CE300F1DE32 /* LoginEntityViper.swift */,
			);
			path = Entity;
			sourceTree = "<group>";
		};
/* End PBXGroup section */

/* Begin PBXNativeTarget section */
		B3589DCC29D9502D00A6B5FA /* LoginTest */ = {
			isa = PBXNativeTarget;
			buildConfigurationList = B3589DE129D9502E00A6B5FA /* Build configuration list for PBXNativeTarget "LoginTest" */;
			buildPhases = (
				B3589DC929D9502D00A6B5FA /* Sources */,
				B3589DCA29D9502D00A6B5FA /* Frameworks */,
				B3589DCB29D9502D00A6B5FA /* Resources */,
			);
			buildRules = (
			);
			dependencies = (
			);
			name = LoginTest;
			productName = LoginTest;
			productReference = B3589DCD29D9502D00A6B5FA /* LoginTest.app */;
			productType = "com.apple.product-type.application";
		};
/* End PBXNativeTarget section */

/* Begin PBXProject section */
		B3589DC529D9502D00A6B5FA /* Project object */ = {
			isa = PBXProject;
			attributes = {
				BuildIndependentTargetsInParallel = 1;
				LastSwiftUpdateCheck = 1420;
				LastUpgradeCheck = 1420;
				TargetAttributes = {
					B3589DCC29D9502D00A6B5FA = {
						CreatedOnToolsVersion = 14.2;
					};
				};
			};
			buildConfigurationList = B3589DC829D9502D00A6B5FA /* Build configuration list for PBXProject "LoginTest" */;
			compatibilityVersion = "Xcode 14.0";
			developmentRegion = en;
			hasScannedForEncodings = 0;
			knownRegions = (
				en,
				Base,
			);
			mainGroup = B3589DC429D9502D00A6B5FA;
			productRefGroup = B3589DCE29D9502D00A6B5FA /* Products */;
			projectDirPath = "";
			projectRoot = "";
			targets = (
				B3589DCC29D9502D00A6B5FA /* LoginTest */,
			);
		};
/* End PBXProject section */

/* Begin PBXResourcesBuildPhase section */
		B3589DCB29D9502D00A6B5FA /* Resources */ = {
			isa = PBXResourcesBuildPhase;
			buildActionMask = 2147483647;
			files = (
				B3589DDD29D9502E00A6B5FA /* LaunchScreen.storyboard in Resources */,
				B3589DDA29D9502E00A6B5FA /* Assets.xcassets in Resources */,
			);
			runOnlyForDeploymentPostprocessing = 0;
		};
/* End PBXResourcesBuildPhase section */

/* Begin PBXSourcesBuildPhase section */
		B3589DC929D9502D00A6B5FA /* Sources */ = {
			isa = PBXSourcesBuildPhase;
			buildActionMask = 2147483647;
			files = (
				B34E849029E906F100815AB7 /* LoginPresneterViperInput.swift in Sources */,
				B3199DBB29E2D2D1005EEAC2 /* LoginViewControllerMVVM.swift in Sources */,
				B3B1B60129E71CE300F1DE32 /* LoginEntityViper.swift in Sources */,
				B3199DB329E2C190005EEAC2 /* LoginPresenterMvp.swift in Sources */,
				B3199DBE29E2D435005EEAC2 /* Login View Model.swift in Sources */,
				B3B1B60329E71CEC00F1DE32 /* LoginRouterViper.swift in Sources */,
				B34E849429E9186800815AB7 /* LoginRouterViperInput.swift in Sources */,
				B3B1B5FD29E71CCB00F1DE32 /* LoginInteractorVIPER.swift in Sources */,
				B3B1B5FF29E71CD500F1DE32 /* LoginPresenterVIPER.swift in Sources */,
				B3347E7F29ED151D00610A9E /* TODO.swift in Sources */,
				B3199DAE29E2B5BC005EEAC2 /* ValidatorService.swift in Sources */,
				B3199DB029E2C0FF005EEAC2 /* LoginViewControllerMvp.swift in Sources */,
				B3589DD529D9502D00A6B5FA /* LoginViewControllerMvc.swift in Sources */,
				B3589DD129D9502D00A6B5FA /* AppDelegate.swift in Sources */,
				B3199DB729E2C41A005EEAC2 /* LoginViewOutputMvp.swift in Sources */,
				B34E848829E906B900815AB7 /* LoginViewControllerViperInput.swift in Sources */,
				B34E848A29E906C300815AB7 /* LoginViewControllerViperOutput.swift in Sources */,
				B3B1B5F629E71AFA00F1DE32 /* LoginViewControllerVIPER.swift in Sources */,
				B3199DB529E2C409005EEAC2 /* LoginViewInputMvp.swift in Sources */,
				B306628929F594A4000B3AC9 /* FeedViewController.swift in Sources */,
				B34E849229E906FE00815AB7 /* LoginPresenterViperOutput.swift in Sources */,
				B3589DD329D9502D00A6B5FA /* SceneDelegate.swift in Sources */,
			);
			runOnlyForDeploymentPostprocessing = 0;
		};
/* End PBXSourcesBuildPhase section */

/* Begin PBXVariantGroup section */
		B3589DDB29D9502E00A6B5FA /* LaunchScreen.storyboard */ = {
			isa = PBXVariantGroup;
			children = (
				B3589DDC29D9502E00A6B5FA /* Base */,
			);
			name = LaunchScreen.storyboard;
			sourceTree = "<group>";
		};
/* End PBXVariantGroup section */

/* Begin XCBuildConfiguration section */
		B3589DDF29D9502E00A6B5FA /* Debug */ = {
			isa = XCBuildConfiguration;
			buildSettings = {
				ALWAYS_SEARCH_USER_PATHS = NO;
				CLANG_ANALYZER_NONNULL = YES;
				CLANG_ANALYZER_NUMBER_OBJECT_CONVERSION = YES_AGGRESSIVE;
				CLANG_CXX_LANGUAGE_STANDARD = "gnu++20";
				CLANG_ENABLE_MODULES = YES;
				CLANG_ENABLE_OBJC_ARC = YES;
				CLANG_ENABLE_OBJC_WEAK = YES;
				CLANG_WARN_BLOCK_CAPTURE_AUTORELEASING = YES;
				CLANG_WARN_BOOL_CONVERSION = YES;
				CLANG_WARN_COMMA = YES;
				CLANG_WARN_CONSTANT_CONVERSION = YES;
				CLANG_WARN_DEPRECATED_OBJC_IMPLEMENTATIONS = YES;
				CLANG_WARN_DIRECT_OBJC_ISA_USAGE = YES_ERROR;
				CLANG_WARN_DOCUMENTATION_COMMENTS = YES;
				CLANG_WARN_EMPTY_BODY = YES;
				CLANG_WARN_ENUM_CONVERSION = YES;
				CLANG_WARN_INFINITE_RECURSION = YES;
				CLANG_WARN_INT_CONVERSION = YES;
				CLANG_WARN_NON_LITERAL_NULL_CONVERSION = YES;
				CLANG_WARN_OBJC_IMPLICIT_RETAIN_SELF = YES;
				CLANG_WARN_OBJC_LITERAL_CONVERSION = YES;
				CLANG_WARN_OBJC_ROOT_CLASS = YES_ERROR;
				CLANG_WARN_QUOTED_INCLUDE_IN_FRAMEWORK_HEADER = YES;
				CLANG_WARN_RANGE_LOOP_ANALYSIS = YES;
				CLANG_WARN_STRICT_PROTOTYPES = YES;
				CLANG_WARN_SUSPICIOUS_MOVE = YES;
				CLANG_WARN_UNGUARDED_AVAILABILITY = YES_AGGRESSIVE;
				CLANG_WARN_UNREACHABLE_CODE = YES;
				CLANG_WARN__DUPLICATE_METHOD_MATCH = YES;
				COPY_PHASE_STRIP = NO;
				DEBUG_INFORMATION_FORMAT = dwarf;
				ENABLE_STRICT_OBJC_MSGSEND = YES;
				ENABLE_TESTABILITY = YES;
				GCC_C_LANGUAGE_STANDARD = gnu11;
				GCC_DYNAMIC_NO_PIC = NO;
				GCC_NO_COMMON_BLOCKS = YES;
				GCC_OPTIMIZATION_LEVEL = 0;
				GCC_PREPROCESSOR_DEFINITIONS = (
					"DEBUG=1",
					"$(inherited)",
				);
				GCC_WARN_64_TO_32_BIT_CONVERSION = YES;
				GCC_WARN_ABOUT_RETURN_TYPE = YES_ERROR;
				GCC_WARN_UNDECLARED_SELECTOR = YES;
				GCC_WARN_UNINITIALIZED_AUTOS = YES_AGGRESSIVE;
				GCC_WARN_UNUSED_FUNCTION = YES;
				GCC_WARN_UNUSED_VARIABLE = YES;
				IPHONEOS_DEPLOYMENT_TARGET = 16.2;
				MTL_ENABLE_DEBUG_INFO = INCLUDE_SOURCE;
				MTL_FAST_MATH = YES;
				ONLY_ACTIVE_ARCH = YES;
				SDKROOT = iphoneos;
				SWIFT_ACTIVE_COMPILATION_CONDITIONS = DEBUG;
				SWIFT_OPTIMIZATION_LEVEL = "-Onone";
			};
			name = Debug;
		};
		B3589DE029D9502E00A6B5FA /* Release */ = {
			isa = XCBuildConfiguration;
			buildSettings = {
				ALWAYS_SEARCH_USER_PATHS = NO;
				CLANG_ANALYZER_NONNULL = YES;
				CLANG_ANALYZER_NUMBER_OBJECT_CONVERSION = YES_AGGRESSIVE;
				CLANG_CXX_LANGUAGE_STANDARD = "gnu++20";
				CLANG_ENABLE_MODULES = YES;
				CLANG_ENABLE_OBJC_ARC = YES;
				CLANG_ENABLE_OBJC_WEAK = YES;
				CLANG_WARN_BLOCK_CAPTURE_AUTORELEASING = YES;
				CLANG_WARN_BOOL_CONVERSION = YES;
				CLANG_WARN_COMMA = YES;
				CLANG_WARN_CONSTANT_CONVERSION = YES;
				CLANG_WARN_DEPRECATED_OBJC_IMPLEMENTATIONS = YES;
				CLANG_WARN_DIRECT_OBJC_ISA_USAGE = YES_ERROR;
				CLANG_WARN_DOCUMENTATION_COMMENTS = YES;
				CLANG_WARN_EMPTY_BODY = YES;
				CLANG_WARN_ENUM_CONVERSION = YES;
				CLANG_WARN_INFINITE_RECURSION = YES;
				CLANG_WARN_INT_CONVERSION = YES;
				CLANG_WARN_NON_LITERAL_NULL_CONVERSION = YES;
				CLANG_WARN_OBJC_IMPLICIT_RETAIN_SELF = YES;
				CLANG_WARN_OBJC_LITERAL_CONVERSION = YES;
				CLANG_WARN_OBJC_ROOT_CLASS = YES_ERROR;
				CLANG_WARN_QUOTED_INCLUDE_IN_FRAMEWORK_HEADER = YES;
				CLANG_WARN_RANGE_LOOP_ANALYSIS = YES;
				CLANG_WARN_STRICT_PROTOTYPES = YES;
				CLANG_WARN_SUSPICIOUS_MOVE = YES;
				CLANG_WARN_UNGUARDED_AVAILABILITY = YES_AGGRESSIVE;
				CLANG_WARN_UNREACHABLE_CODE = YES;
				CLANG_WARN__DUPLICATE_METHOD_MATCH = YES;
				COPY_PHASE_STRIP = NO;
				DEBUG_INFORMATION_FORMAT = "dwarf-with-dsym";
				ENABLE_NS_ASSERTIONS = NO;
				ENABLE_STRICT_OBJC_MSGSEND = YES;
				GCC_C_LANGUAGE_STANDARD = gnu11;
				GCC_NO_COMMON_BLOCKS = YES;
				GCC_WARN_64_TO_32_BIT_CONVERSION = YES;
				GCC_WARN_ABOUT_RETURN_TYPE = YES_ERROR;
				GCC_WARN_UNDECLARED_SELECTOR = YES;
				GCC_WARN_UNINITIALIZED_AUTOS = YES_AGGRESSIVE;
				GCC_WARN_UNUSED_FUNCTION = YES;
				GCC_WARN_UNUSED_VARIABLE = YES;
				IPHONEOS_DEPLOYMENT_TARGET = 16.2;
				MTL_ENABLE_DEBUG_INFO = NO;
				MTL_FAST_MATH = YES;
				SDKROOT = iphoneos;
				SWIFT_COMPILATION_MODE = wholemodule;
				SWIFT_OPTIMIZATION_LEVEL = "-O";
				VALIDATE_PRODUCT = YES;
			};
			name = Release;
		};
		B3589DE229D9502E00A6B5FA /* Debug */ = {
			isa = XCBuildConfiguration;
			buildSettings = {
				ASSETCATALOG_COMPILER_APPICON_NAME = AppIcon;
				ASSETCATALOG_COMPILER_GLOBAL_ACCENT_COLOR_NAME = AccentColor;
				CODE_SIGN_STYLE = Automatic;
				CURRENT_PROJECT_VERSION = 1;
				DEVELOPMENT_TEAM = DDG47BLXBA;
				GENERATE_INFOPLIST_FILE = YES;
				INFOPLIST_FILE = LoginTest/Info.plist;
				INFOPLIST_KEY_UIApplicationSupportsIndirectInputEvents = YES;
				INFOPLIST_KEY_UILaunchStoryboardName = LaunchScreen;
				INFOPLIST_KEY_UISupportedInterfaceOrientations = UIInterfaceOrientationPortrait;
				INFOPLIST_KEY_UISupportedInterfaceOrientations_iPad = UIInterfaceOrientationPortrait;
				IPHONEOS_DEPLOYMENT_TARGET = 15.4;
				LD_RUNPATH_SEARCH_PATHS = (
					"$(inherited)",
					"@executable_path/Frameworks",
				);
				MARKETING_VERSION = 1.0;
				PRODUCT_BUNDLE_IDENTIFIER = Twrotu.LoginTest;
				PRODUCT_NAME = "$(TARGET_NAME)";
				SUPPORTED_PLATFORMS = "iphoneos iphonesimulator";
				SUPPORTS_MACCATALYST = NO;
				SUPPORTS_MAC_DESIGNED_FOR_IPHONE_IPAD = NO;
				SWIFT_EMIT_LOC_STRINGS = YES;
				SWIFT_VERSION = 5.0;
				TARGETED_DEVICE_FAMILY = 1;
			};
			name = Debug;
		};
		B3589DE329D9502E00A6B5FA /* Release */ = {
			isa = XCBuildConfiguration;
			buildSettings = {
				ASSETCATALOG_COMPILER_APPICON_NAME = AppIcon;
				ASSETCATALOG_COMPILER_GLOBAL_ACCENT_COLOR_NAME = AccentColor;
				CODE_SIGN_STYLE = Automatic;
				CURRENT_PROJECT_VERSION = 1;
				DEVELOPMENT_TEAM = DDG47BLXBA;
				GENERATE_INFOPLIST_FILE = YES;
				INFOPLIST_FILE = LoginTest/Info.plist;
				INFOPLIST_KEY_UIApplicationSupportsIndirectInputEvents = YES;
				INFOPLIST_KEY_UILaunchStoryboardName = LaunchScreen;
				INFOPLIST_KEY_UISupportedInterfaceOrientations = UIInterfaceOrientationPortrait;
				INFOPLIST_KEY_UISupportedInterfaceOrientations_iPad = UIInterfaceOrientationPortrait;
				IPHONEOS_DEPLOYMENT_TARGET = 15.4;
				LD_RUNPATH_SEARCH_PATHS = (
					"$(inherited)",
					"@executable_path/Frameworks",
				);
				MARKETING_VERSION = 1.0;
				PRODUCT_BUNDLE_IDENTIFIER = Twrotu.LoginTest;
				PRODUCT_NAME = "$(TARGET_NAME)";
				SUPPORTED_PLATFORMS = "iphoneos iphonesimulator";
				SUPPORTS_MACCATALYST = NO;
				SUPPORTS_MAC_DESIGNED_FOR_IPHONE_IPAD = NO;
				SWIFT_EMIT_LOC_STRINGS = YES;
				SWIFT_VERSION = 5.0;
				TARGETED_DEVICE_FAMILY = 1;
			};
			name = Release;
		};
/* End XCBuildConfiguration section */

/* Begin XCConfigurationList section */
		B3589DC829D9502D00A6B5FA /* Build configuration list for PBXProject "LoginTest" */ = {
			isa = XCConfigurationList;
			buildConfigurations = (
				B3589DDF29D9502E00A6B5FA /* Debug */,
				B3589DE029D9502E00A6B5FA /* Release */,
			);
			defaultConfigurationIsVisible = 0;
			defaultConfigurationName = Release;
		};
		B3589DE129D9502E00A6B5FA /* Build configuration list for PBXNativeTarget "LoginTest" */ = {
			isa = XCConfigurationList;
			buildConfigurations = (
				B3589DE229D9502E00A6B5FA /* Debug */,
				B3589DE329D9502E00A6B5FA /* Release */,
			);
			defaultConfigurationIsVisible = 0;
			defaultConfigurationName = Release;
		};
/* End XCConfigurationList section */
	};
	rootObject = B3589DC529D9502D00A6B5FA /* Project object */;
}
